// !$*UTF8*$!
{
	archiveVersion = 1;
	classes = {
	};
	objectVersion = 50;
	objects = {

/* Begin PBXBuildFile section */
		6E6EF2A7DEE07C3D9EB003B2 /* Pods_IOS_Architecture.framework in Frameworks */ = {isa = PBXBuildFile; fileRef = 7D00CA548521425B555EDC65 /* Pods_IOS_Architecture.framework */; };
		B9C31756240E3EC600733CBC /* DataManager.swift in Sources */ = {isa = PBXBuildFile; fileRef = B9C31755240E3EC600733CBC /* DataManager.swift */; };
		B9C7A3412321266900C0CB34 /* AppDelegate.swift in Sources */ = {isa = PBXBuildFile; fileRef = B9C7A3402321266900C0CB34 /* AppDelegate.swift */; };
		B9C7A3462321266900C0CB34 /* Main.storyboard in Resources */ = {isa = PBXBuildFile; fileRef = B9C7A3442321266900C0CB34 /* Main.storyboard */; };
		B9C7A3482321266A00C0CB34 /* Assets.xcassets in Resources */ = {isa = PBXBuildFile; fileRef = B9C7A3472321266A00C0CB34 /* Assets.xcassets */; };
		B9C7A34B2321266A00C0CB34 /* LaunchScreen.storyboard in Resources */ = {isa = PBXBuildFile; fileRef = B9C7A3492321266A00C0CB34 /* LaunchScreen.storyboard */; };
		B9C7A359232127E700C0CB34 /* LandingPageViewController.swift in Sources */ = {isa = PBXBuildFile; fileRef = B9C7A357232127E700C0CB34 /* LandingPageViewController.swift */; };
		B9C7A35A232127E700C0CB34 /* LandingPageViewController.xib in Resources */ = {isa = PBXBuildFile; fileRef = B9C7A358232127E700C0CB34 /* LandingPageViewController.xib */; };
		B9C7A35C2321281200C0CB34 /* Constants.swift in Sources */ = {isa = PBXBuildFile; fileRef = B9C7A35B2321281200C0CB34 /* Constants.swift */; };
		B9C7A36523212FA200C0CB34 /* BaseViewController.swift in Sources */ = {isa = PBXBuildFile; fileRef = B9C7A36323212FA200C0CB34 /* BaseViewController.swift */; };
		B9C7A36623212FA200C0CB34 /* BaseViewController.xib in Resources */ = {isa = PBXBuildFile; fileRef = B9C7A36423212FA200C0CB34 /* BaseViewController.xib */; };
		B9C7A36923213DEC00C0CB34 /* DynamicContraints.swift in Sources */ = {isa = PBXBuildFile; fileRef = B9C7A36823213DEC00C0CB34 /* DynamicContraints.swift */; };
		B9C7A36B2321460A00C0CB34 /* DeviceType.swift in Sources */ = {isa = PBXBuildFile; fileRef = B9C7A36A2321460A00C0CB34 /* DeviceType.swift */; };
/* End PBXBuildFile section */

/* Begin PBXFileReference section */
		1F1EE447E2FFB7B6199EBDA6 /* Pods-IOS_Architecture.debug.xcconfig */ = {isa = PBXFileReference; includeInIndex = 1; lastKnownFileType = text.xcconfig; name = "Pods-IOS_Architecture.debug.xcconfig"; path = "Target Support Files/Pods-IOS_Architecture/Pods-IOS_Architecture.debug.xcconfig"; sourceTree = "<group>"; };
		7D00CA548521425B555EDC65 /* Pods_IOS_Architecture.framework */ = {isa = PBXFileReference; explicitFileType = wrapper.framework; includeInIndex = 0; path = Pods_IOS_Architecture.framework; sourceTree = BUILT_PRODUCTS_DIR; };
		81A36559EA0A49C3B23948FF /* Pods-IOS_Architecture.release.xcconfig */ = {isa = PBXFileReference; includeInIndex = 1; lastKnownFileType = text.xcconfig; name = "Pods-IOS_Architecture.release.xcconfig"; path = "Target Support Files/Pods-IOS_Architecture/Pods-IOS_Architecture.release.xcconfig"; sourceTree = "<group>"; };
		B9C31755240E3EC600733CBC /* DataManager.swift */ = {isa = PBXFileReference; lastKnownFileType = sourcecode.swift; path = DataManager.swift; sourceTree = "<group>"; };
		B9C7A33D2321266900C0CB34 /* IOS_Architecture.app */ = {isa = PBXFileReference; explicitFileType = wrapper.application; includeInIndex = 0; path = IOS_Architecture.app; sourceTree = BUILT_PRODUCTS_DIR; };
		B9C7A3402321266900C0CB34 /* AppDelegate.swift */ = {isa = PBXFileReference; lastKnownFileType = sourcecode.swift; path = AppDelegate.swift; sourceTree = "<group>"; };
		B9C7A3452321266900C0CB34 /* Base */ = {isa = PBXFileReference; lastKnownFileType = file.storyboard; name = Base; path = Base.lproj/Main.storyboard; sourceTree = "<group>"; };
		B9C7A3472321266A00C0CB34 /* Assets.xcassets */ = {isa = PBXFileReference; lastKnownFileType = folder.assetcatalog; path = Assets.xcassets; sourceTree = "<group>"; };
		B9C7A34A2321266A00C0CB34 /* Base */ = {isa = PBXFileReference; lastKnownFileType = file.storyboard; name = Base; path = Base.lproj/LaunchScreen.storyboard; sourceTree = "<group>"; };
		B9C7A34C2321266A00C0CB34 /* Info.plist */ = {isa = PBXFileReference; lastKnownFileType = text.plist.xml; path = Info.plist; sourceTree = "<group>"; };
		B9C7A357232127E700C0CB34 /* LandingPageViewController.swift */ = {isa = PBXFileReference; lastKnownFileType = sourcecode.swift; path = LandingPageViewController.swift; sourceTree = "<group>"; };
		B9C7A358232127E700C0CB34 /* LandingPageViewController.xib */ = {isa = PBXFileReference; lastKnownFileType = file.xib; path = LandingPageViewController.xib; sourceTree = "<group>"; };
		B9C7A35B2321281200C0CB34 /* Constants.swift */ = {isa = PBXFileReference; lastKnownFileType = sourcecode.swift; path = Constants.swift; sourceTree = "<group>"; };
		B9C7A36323212FA200C0CB34 /* BaseViewController.swift */ = {isa = PBXFileReference; lastKnownFileType = sourcecode.swift; path = BaseViewController.swift; sourceTree = "<group>"; };
		B9C7A36423212FA200C0CB34 /* BaseViewController.xib */ = {isa = PBXFileReference; lastKnownFileType = file.xib; path = BaseViewController.xib; sourceTree = "<group>"; };
		B9C7A36823213DEC00C0CB34 /* DynamicContraints.swift */ = {isa = PBXFileReference; lastKnownFileType = sourcecode.swift; path = DynamicContraints.swift; sourceTree = "<group>"; };
		B9C7A36A2321460A00C0CB34 /* DeviceType.swift */ = {isa = PBXFileReference; fileEncoding = 4; lastKnownFileType = sourcecode.swift; path = DeviceType.swift; sourceTree = "<group>"; };
/* End PBXFileReference section */

/* Begin PBXFrameworksBuildPhase section */
		B9C7A33A2321266900C0CB34 /* Frameworks */ = {
			isa = PBXFrameworksBuildPhase;
			buildActionMask = 2147483647;
			files = (
				6E6EF2A7DEE07C3D9EB003B2 /* Pods_IOS_Architecture.framework in Frameworks */,
			);
			runOnlyForDeploymentPostprocessing = 0;
		};
/* End PBXFrameworksBuildPhase section */

/* Begin PBXGroup section */
		8B80B75BBED060FFBE28A971 /* Frameworks */ = {
			isa = PBXGroup;
			children = (
				7D00CA548521425B555EDC65 /* Pods_IOS_Architecture.framework */,
			);
			name = Frameworks;
			sourceTree = "<group>";
		};
		B9C7A3342321266900C0CB34 = {
			isa = PBXGroup;
			children = (
				B9C7A33F2321266900C0CB34 /* IOS_Architecture */,
				B9C7A33E2321266900C0CB34 /* Products */,
				D1595D3D2850BD795CCCE274 /* Pods */,
				8B80B75BBED060FFBE28A971 /* Frameworks */,
			);
			sourceTree = "<group>";
		};
		B9C7A33E2321266900C0CB34 /* Products */ = {
			isa = PBXGroup;
			children = (
				B9C7A33D2321266900C0CB34 /* IOS_Architecture.app */,
			);
			name = Products;
			sourceTree = "<group>";
		};
		B9C7A33F2321266900C0CB34 /* IOS_Architecture */ = {
			isa = PBXGroup;
			children = (
				B9C7A3402321266900C0CB34 /* AppDelegate.swift */,
				B9C7A3492321266A00C0CB34 /* LaunchScreen.storyboard */,
				B9C7A3442321266900C0CB34 /* Main.storyboard */,
				B9C7A34C2321266A00C0CB34 /* Info.plist */,
				B9C7A36123212E2500C0CB34 /* Globals */,
				B9C7A352232126C800C0CB34 /* ViewControlllers */,
				B9C7A3552321272100C0CB34 /* SharedManager */,
				B9C7A3542321270400C0CB34 /* CustomViews */,
				B9C7A36723213DD000C0CB34 /* CustomClasses */,
				B9C7A36023212DFA00C0CB34 /* Models */,
				B9C7A35F2321297F00C0CB34 /* WebServices */,
				B9C7A35D2321283D00C0CB34 /* Extensions */,
				B9C7A353232126E900C0CB34 /* Utilities */,
				B9C7A35E232128D500C0CB34 /* Resources */,
			);
			path = IOS_Architecture;
			sourceTree = "<group>";
		};
		B9C7A352232126C800C0CB34 /* ViewControlllers */ = {
			isa = PBXGroup;
			children = (
				B9C7A36223212F4600C0CB34 /* BaseViewController */,
				B9C7A3562321276100C0CB34 /* LandingPageViewController */,
			);
			path = ViewControlllers;
			sourceTree = "<group>";
		};
		B9C7A353232126E900C0CB34 /* Utilities */ = {
			isa = PBXGroup;
			children = (
			);
			path = Utilities;
			sourceTree = "<group>";
		};
		B9C7A3542321270400C0CB34 /* CustomViews */ = {
			isa = PBXGroup;
			children = (
			);
			path = CustomViews;
			sourceTree = "<group>";
		};
		B9C7A3552321272100C0CB34 /* SharedManager */ = {
			isa = PBXGroup;
			children = (
				B9C31755240E3EC600733CBC /* DataManager.swift */,
			);
			path = SharedManager;
			sourceTree = "<group>";
		};
		B9C7A3562321276100C0CB34 /* LandingPageViewController */ = {
			isa = PBXGroup;
			children = (
				B9C7A357232127E700C0CB34 /* LandingPageViewController.swift */,
				B9C7A358232127E700C0CB34 /* LandingPageViewController.xib */,
			);
			path = LandingPageViewController;
			sourceTree = "<group>";
		};
		B9C7A35D2321283D00C0CB34 /* Extensions */ = {
			isa = PBXGroup;
			children = (
			);
			path = Extensions;
			sourceTree = "<group>";
		};
		B9C7A35E232128D500C0CB34 /* Resources */ = {
			isa = PBXGroup;
			children = (
				B9C7A3472321266A00C0CB34 /* Assets.xcassets */,
			);
			path = Resources;
			sourceTree = "<group>";
		};
		B9C7A35F2321297F00C0CB34 /* WebServices */ = {
			isa = PBXGroup;
			children = (
			);
			path = WebServices;
			sourceTree = "<group>";
		};
		B9C7A36023212DFA00C0CB34 /* Models */ = {
			isa = PBXGroup;
			children = (
			);
			path = Models;
			sourceTree = "<group>";
		};
		B9C7A36123212E2500C0CB34 /* Globals */ = {
			isa = PBXGroup;
			children = (
				B9C7A35B2321281200C0CB34 /* Constants.swift */,
			);
			path = Globals;
			sourceTree = "<group>";
		};
		B9C7A36223212F4600C0CB34 /* BaseViewController */ = {
			isa = PBXGroup;
			children = (
				B9C7A36323212FA200C0CB34 /* BaseViewController.swift */,
				B9C7A36423212FA200C0CB34 /* BaseViewController.xib */,
			);
			path = BaseViewController;
			sourceTree = "<group>";
		};
		B9C7A36723213DD000C0CB34 /* CustomClasses */ = {
			isa = PBXGroup;
			children = (
				B9C7A36823213DEC00C0CB34 /* DynamicContraints.swift */,
				B9C7A36A2321460A00C0CB34 /* DeviceType.swift */,
			);
			path = CustomClasses;
			sourceTree = "<group>";
		};
		D1595D3D2850BD795CCCE274 /* Pods */ = {
			isa = PBXGroup;
			children = (
				1F1EE447E2FFB7B6199EBDA6 /* Pods-IOS_Architecture.debug.xcconfig */,
				81A36559EA0A49C3B23948FF /* Pods-IOS_Architecture.release.xcconfig */,
			);
			path = Pods;
			sourceTree = "<group>";
		};
/* End PBXGroup section */

/* Begin PBXNativeTarget section */
		B9C7A33C2321266900C0CB34 /* IOS_Architecture */ = {
			isa = PBXNativeTarget;
			buildConfigurationList = B9C7A34F2321266A00C0CB34 /* Build configuration list for PBXNativeTarget "IOS_Architecture" */;
			buildPhases = (
				B3A7AF5EF89C0B174AFE7998 /* [CP] Check Pods Manifest.lock */,
				B9C7A3392321266900C0CB34 /* Sources */,
				B9C7A33A2321266900C0CB34 /* Frameworks */,
				B9C7A33B2321266900C0CB34 /* Resources */,
				6891390D65ED2529FB1FD543 /* [CP] Embed Pods Frameworks */,
			);
			buildRules = (
			);
			dependencies = (
			);
			name = IOS_Architecture;
			productName = IOS_Architecture;
			productReference = B9C7A33D2321266900C0CB34 /* IOS_Architecture.app */;
			productType = "com.apple.product-type.application";
		};
/* End PBXNativeTarget section */

/* Begin PBXProject section */
		B9C7A3352321266900C0CB34 /* Project object */ = {
			isa = PBXProject;
			attributes = {
				LastSwiftUpdateCheck = 1030;
				LastUpgradeCheck = 1030;
				ORGANIZATIONNAME = "Hassan dad khan";
				TargetAttributes = {
					B9C7A33C2321266900C0CB34 = {
						CreatedOnToolsVersion = 10.3;
					};
				};
			};
			buildConfigurationList = B9C7A3382321266900C0CB34 /* Build configuration list for PBXProject "IOS_Architecture" */;
			compatibilityVersion = "Xcode 9.3";
			developmentRegion = en;
			hasScannedForEncodings = 0;
			knownRegions = (
				en,
				Base,
			);
			mainGroup = B9C7A3342321266900C0CB34;
			productRefGroup = B9C7A33E2321266900C0CB34 /* Products */;
			projectDirPath = "";
			projectRoot = "";
			targets = (
				B9C7A33C2321266900C0CB34 /* IOS_Architecture */,
			);
		};
/* End PBXProject section */

/* Begin PBXResourcesBuildPhase section */
		B9C7A33B2321266900C0CB34 /* Resources */ = {
			isa = PBXResourcesBuildPhase;
			buildActionMask = 2147483647;
			files = (
				B9C7A34B2321266A00C0CB34 /* LaunchScreen.storyboard in Resources */,
				B9C7A36623212FA200C0CB34 /* BaseViewController.xib in Resources */,
				B9C7A3482321266A00C0CB34 /* Assets.xcassets in Resources */,
				B9C7A3462321266900C0CB34 /* Main.storyboard in Resources */,
				B9C7A35A232127E700C0CB34 /* LandingPageViewController.xib in Resources */,
			);
			runOnlyForDeploymentPostprocessing = 0;
		};
/* End PBXResourcesBuildPhase section */

/* Begin PBXShellScriptBuildPhase section */
		6891390D65ED2529FB1FD543 /* [CP] Embed Pods Frameworks */ = {
			isa = PBXShellScriptBuildPhase;
			buildActionMask = 2147483647;
			files = (
			);
			inputFileListPaths = (
			);
			inputPaths = (
				"${PODS_ROOT}/Target Support Files/Pods-IOS_Architecture/Pods-IOS_Architecture-frameworks.sh",
				"${BUILT_PRODUCTS_DIR}/Alamofire/Alamofire.framework",
				"${BUILT_PRODUCTS_DIR}/DeviceKit/DeviceKit.framework",
				"${BUILT_PRODUCTS_DIR}/IQKeyboardManagerSwift/IQKeyboardManagerSwift.framework",
				"${BUILT_PRODUCTS_DIR}/NVActivityIndicatorView/NVActivityIndicatorView.framework",
				"${BUILT_PRODUCTS_DIR}/ReachabilitySwift/Reachability.framework",
				"${BUILT_PRODUCTS_DIR}/SwiftValidator/SwiftValidator.framework",
				"${BUILT_PRODUCTS_DIR}/SwiftyJSON/SwiftyJSON.framework",
			);
			name = "[CP] Embed Pods Frameworks";
			outputFileListPaths = (
			);
			outputPaths = (
				"${TARGET_BUILD_DIR}/${FRAMEWORKS_FOLDER_PATH}/Alamofire.framework",
				"${TARGET_BUILD_DIR}/${FRAMEWORKS_FOLDER_PATH}/DeviceKit.framework",
				"${TARGET_BUILD_DIR}/${FRAMEWORKS_FOLDER_PATH}/IQKeyboardManagerSwift.framework",
				"${TARGET_BUILD_DIR}/${FRAMEWORKS_FOLDER_PATH}/NVActivityIndicatorView.framework",
				"${TARGET_BUILD_DIR}/${FRAMEWORKS_FOLDER_PATH}/Reachability.framework",
				"${TARGET_BUILD_DIR}/${FRAMEWORKS_FOLDER_PATH}/SwiftValidator.framework",
				"${TARGET_BUILD_DIR}/${FRAMEWORKS_FOLDER_PATH}/SwiftyJSON.framework",
			);
			runOnlyForDeploymentPostprocessing = 0;
			shellPath = /bin/sh;
			shellScript = "\"${PODS_ROOT}/Target Support Files/Pods-IOS_Architecture/Pods-IOS_Architecture-frameworks.sh\"\n";
			showEnvVarsInLog = 0;
		};
		B3A7AF5EF89C0B174AFE7998 /* [CP] Check Pods Manifest.lock */ = {
			isa = PBXShellScriptBuildPhase;
			buildActionMask = 2147483647;
			files = (
			);
			inputFileListPaths = (
			);
			inputPaths = (
				"${PODS_PODFILE_DIR_PATH}/Podfile.lock",
				"${PODS_ROOT}/Manifest.lock",
			);
			name = "[CP] Check Pods Manifest.lock";
			outputFileListPaths = (
			);
			outputPaths = (
				"$(DERIVED_FILE_DIR)/Pods-IOS_Architecture-checkManifestLockResult.txt",
			);
			runOnlyForDeploymentPostprocessing = 0;
			shellPath = /bin/sh;
			shellScript = "diff \"${PODS_PODFILE_DIR_PATH}/Podfile.lock\" \"${PODS_ROOT}/Manifest.lock\" > /dev/null\nif [ $? != 0 ] ; then\n    # print error to STDERR\n    echo \"error: The sandbox is not in sync with the Podfile.lock. Run 'pod install' or update your CocoaPods installation.\" >&2\n    exit 1\nfi\n# This output is used by Xcode 'outputs' to avoid re-running this script phase.\necho \"SUCCESS\" > \"${SCRIPT_OUTPUT_FILE_0}\"\n";
			showEnvVarsInLog = 0;
		};
/* End PBXShellScriptBuildPhase section */

/* Begin PBXSourcesBuildPhase section */
		B9C7A3392321266900C0CB34 /* Sources */ = {
			isa = PBXSourcesBuildPhase;
			buildActionMask = 2147483647;
			files = (
				B9C7A36923213DEC00C0CB34 /* DynamicContraints.swift in Sources */,
				B9C7A359232127E700C0CB34 /* LandingPageViewController.swift in Sources */,
				B9C7A36523212FA200C0CB34 /* BaseViewController.swift in Sources */,
				B9C31756240E3EC600733CBC /* DataManager.swift in Sources */,
				B9C7A36B2321460A00C0CB34 /* DeviceType.swift in Sources */,
				B9C7A3412321266900C0CB34 /* AppDelegate.swift in Sources */,
				B9C7A35C2321281200C0CB34 /* Constants.swift in Sources */,
			);
			runOnlyForDeploymentPostprocessing = 0;
		};
/* End PBXSourcesBuildPhase section */

/* Begin PBXVariantGroup section */
		B9C7A3442321266900C0CB34 /* Main.storyboard */ = {
			isa = PBXVariantGroup;
			children = (
				B9C7A3452321266900C0CB34 /* Base */,
			);
			name = Main.storyboard;
			sourceTree = "<group>";
		};
		B9C7A3492321266A00C0CB34 /* LaunchScreen.storyboard */ = {
			isa = PBXVariantGroup;
			children = (
				B9C7A34A2321266A00C0CB34 /* Base */,
			);
			name = LaunchScreen.storyboard;
			sourceTree = "<group>";
		};
/* End PBXVariantGroup section */

/* Begin XCBuildConfiguration section */
		B9C7A34D2321266A00C0CB34 /* Debug */ = {
			isa = XCBuildConfiguration;
			buildSettings = {
				ALWAYS_SEARCH_USER_PATHS = NO;
				CLANG_ANALYZER_NONNULL = YES;
				CLANG_ANALYZER_NUMBER_OBJECT_CONVERSION = YES_AGGRESSIVE;
				CLANG_CXX_LANGUAGE_STANDARD = "gnu++14";
				CLANG_CXX_LIBRARY = "libc++";
				CLANG_ENABLE_MODULES = YES;
				CLANG_ENABLE_OBJC_ARC = YES;
				CLANG_ENABLE_OBJC_WEAK = YES;
				CLANG_WARN_BLOCK_CAPTURE_AUTORELEASING = YES;
				CLANG_WARN_BOOL_CONVERSION = YES;
				CLANG_WARN_COMMA = YES;
				CLANG_WARN_CONSTANT_CONVERSION = YES;
				CLANG_WARN_DEPRECATED_OBJC_IMPLEMENTATIONS = YES;
				CLANG_WARN_DIRECT_OBJC_ISA_USAGE = YES_ERROR;
				CLANG_WARN_DOCUMENTATION_COMMENTS = YES;
				CLANG_WARN_EMPTY_BODY = YES;
				CLANG_WARN_ENUM_CONVERSION = YES;
				CLANG_WARN_INFINITE_RECURSION = YES;
				CLANG_WARN_INT_CONVERSION = YES;
				CLANG_WARN_NON_LITERAL_NULL_CONVERSION = YES;
				CLANG_WARN_OBJC_IMPLICIT_RETAIN_SELF = YES;
				CLANG_WARN_OBJC_LITERAL_CONVERSION = YES;
				CLANG_WARN_OBJC_ROOT_CLASS = YES_ERROR;
				CLANG_WARN_RANGE_LOOP_ANALYSIS = YES;
				CLANG_WARN_STRICT_PROTOTYPES = YES;
				CLANG_WARN_SUSPICIOUS_MOVE = YES;
				CLANG_WARN_UNGUARDED_AVAILABILITY = YES_AGGRESSIVE;
				CLANG_WARN_UNREACHABLE_CODE = YES;
				CLANG_WARN__DUPLICATE_METHOD_MATCH = YES;
				CODE_SIGN_IDENTITY = "iPhone Developer";
				COPY_PHASE_STRIP = NO;
				DEBUG_INFORMATION_FORMAT = dwarf;
				ENABLE_STRICT_OBJC_MSGSEND = YES;
				ENABLE_TESTABILITY = YES;
				GCC_C_LANGUAGE_STANDARD = gnu11;
				GCC_DYNAMIC_NO_PIC = NO;
				GCC_NO_COMMON_BLOCKS = YES;
				GCC_OPTIMIZATION_LEVEL = 0;
				GCC_PREPROCESSOR_DEFINITIONS = (
					"DEBUG=1",
					"$(inherited)",
				);
				GCC_WARN_64_TO_32_BIT_CONVERSION = YES;
				GCC_WARN_ABOUT_RETURN_TYPE = YES_ERROR;
				GCC_WARN_UNDECLARED_SELECTOR = YES;
				GCC_WARN_UNINITIALIZED_AUTOS = YES_AGGRESSIVE;
				GCC_WARN_UNUSED_FUNCTION = YES;
				GCC_WARN_UNUSED_VARIABLE = YES;
				IPHONEOS_DEPLOYMENT_TARGET = 12.4;
				MTL_ENABLE_DEBUG_INFO = INCLUDE_SOURCE;
				MTL_FAST_MATH = YES;
				ONLY_ACTIVE_ARCH = YES;
				SDKROOT = iphoneos;
				SWIFT_ACTIVE_COMPILATION_CONDITIONS = DEBUG;
				SWIFT_OPTIMIZATION_LEVEL = "-Onone";
			};
			name = Debug;
		};
		B9C7A34E2321266A00C0CB34 /* Release */ = {
			isa = XCBuildConfiguration;
			buildSettings = {
				ALWAYS_SEARCH_USER_PATHS = NO;
				CLANG_ANALYZER_NONNULL = YES;
				CLANG_ANALYZER_NUMBER_OBJECT_CONVERSION = YES_AGGRESSIVE;
				CLANG_CXX_LANGUAGE_STANDARD = "gnu++14";
				CLANG_CXX_LIBRARY = "libc++";
				CLANG_ENABLE_MODULES = YES;
				CLANG_ENABLE_OBJC_ARC = YES;
				CLANG_ENABLE_OBJC_WEAK = YES;
				CLANG_WARN_BLOCK_CAPTURE_AUTORELEASING = YES;
				CLANG_WARN_BOOL_CONVERSION = YES;
				CLANG_WARN_COMMA = YES;
				CLANG_WARN_CONSTANT_CONVERSION = YES;
				CLANG_WARN_DEPRECATED_OBJC_IMPLEMENTATIONS = YES;
				CLANG_WARN_DIRECT_OBJC_ISA_USAGE = YES_ERROR;
				CLANG_WARN_DOCUMENTATION_COMMENTS = YES;
				CLANG_WARN_EMPTY_BODY = YES;
				CLANG_WARN_ENUM_CONVERSION = YES;
				CLANG_WARN_INFINITE_RECURSION = YES;
				CLANG_WARN_INT_CONVERSION = YES;
				CLANG_WARN_NON_LITERAL_NULL_CONVERSION = YES;
				CLANG_WARN_OBJC_IMPLICIT_RETAIN_SELF = YES;
				CLANG_WARN_OBJC_LITERAL_CONVERSION = YES;
				CLANG_WARN_OBJC_ROOT_CLASS = YES_ERROR;
				CLANG_WARN_RANGE_LOOP_ANALYSIS = YES;
				CLANG_WARN_STRICT_PROTOTYPES = YES;
				CLANG_WARN_SUSPICIOUS_MOVE = YES;
				CLANG_WARN_UNGUARDED_AVAILABILITY = YES_AGGRESSIVE;
				CLANG_WARN_UNREACHABLE_CODE = YES;
				CLANG_WARN__DUPLICATE_METHOD_MATCH = YES;
				CODE_SIGN_IDENTITY = "iPhone Developer";
				COPY_PHASE_STRIP = NO;
				DEBUG_INFORMATION_FORMAT = "dwarf-with-dsym";
				ENABLE_NS_ASSERTIONS = NO;
				ENABLE_STRICT_OBJC_MSGSEND = YES;
				GCC_C_LANGUAGE_STANDARD = gnu11;
				GCC_NO_COMMON_BLOCKS = YES;
				GCC_WARN_64_TO_32_BIT_CONVERSION = YES;
				GCC_WARN_ABOUT_RETURN_TYPE = YES_ERROR;
				GCC_WARN_UNDECLARED_SELECTOR = YES;
				GCC_WARN_UNINITIALIZED_AUTOS = YES_AGGRESSIVE;
				GCC_WARN_UNUSED_FUNCTION = YES;
				GCC_WARN_UNUSED_VARIABLE = YES;
				IPHONEOS_DEPLOYMENT_TARGET = 12.4;
				MTL_ENABLE_DEBUG_INFO = NO;
				MTL_FAST_MATH = YES;
				SDKROOT = iphoneos;
				SWIFT_COMPILATION_MODE = wholemodule;
				SWIFT_OPTIMIZATION_LEVEL = "-O";
				VALIDATE_PRODUCT = YES;
			};
			name = Release;
		};
		B9C7A3502321266A00C0CB34 /* Debug */ = {
			isa = XCBuildConfiguration;
			baseConfigurationReference = 1F1EE447E2FFB7B6199EBDA6 /* Pods-IOS_Architecture.debug.xcconfig */;
			buildSettings = {
				ASSETCATALOG_COMPILER_APPICON_NAME = AppIcon;
				CODE_SIGN_STYLE = Automatic;
				INFOPLIST_FILE = IOS_Architecture/Info.plist;
				IPHONEOS_DEPLOYMENT_TARGET = 11.0;
				LD_RUNPATH_SEARCH_PATHS = (
					"$(inherited)",
					"@executable_path/Frameworks",
				);
				PRODUCT_BUNDLE_IDENTIFIER = com.hassandadkhan.architeacture;
				PRODUCT_NAME = "$(TARGET_NAME)";
				SWIFT_VERSION = 5.0;
				TARGETED_DEVICE_FAMILY = "1,2";
			};
			name = Debug;
		};
		B9C7A3512321266A00C0CB34 /* Release */ = {
			isa = XCBuildConfiguration;
			baseConfigurationReference = 81A36559EA0A49C3B23948FF /* Pods-IOS_Architecture.release.xcconfig */;
			buildSettings = {
				ASSETCATALOG_COMPILER_APPICON_NAME = AppIcon;
				CODE_SIGN_STYLE = Automatic;
				INFOPLIST_FILE = IOS_Architecture/Info.plist;
				IPHONEOS_DEPLOYMENT_TARGET = 11.0;
				LD_RUNPATH_SEARCH_PATHS = (
					"$(inherited)",
					"@executable_path/Frameworks",
				);
				PRODUCT_BUNDLE_IDENTIFIER = com.hassandadkhan.architeacture;
				PRODUCT_NAME = "$(TARGET_NAME)";
				SWIFT_VERSION = 5.0;
				TARGETED_DEVICE_FAMILY = "1,2";
			};
			name = Release;
		};
/* End XCBuildConfiguration section */

/* Begin XCConfigurationList section */
		B9C7A3382321266900C0CB34 /* Build configuration list for PBXProject "IOS_Architecture" */ = {
			isa = XCConfigurationList;
			buildConfigurations = (
				B9C7A34D2321266A00C0CB34 /* Debug */,
				B9C7A34E2321266A00C0CB34 /* Release */,
			);
			defaultConfigurationIsVisible = 0;
			defaultConfigurationName = Release;
		};
		B9C7A34F2321266A00C0CB34 /* Build configuration list for PBXNativeTarget "IOS_Architecture" */ = {
			isa = XCConfigurationList;
			buildConfigurations = (
				B9C7A3502321266A00C0CB34 /* Debug */,
				B9C7A3512321266A00C0CB34 /* Release */,
			);
			defaultConfigurationIsVisible = 0;
			defaultConfigurationName = Release;
		};
/* End XCConfigurationList section */
	};
	rootObject = B9C7A3352321266900C0CB34 /* Project object */;
}
