// !$*UTF8*$!
{
	archiveVersion = 1;
	classes = {
	};
	objectVersion = 48;
	objects = {

/* Begin PBXBuildFile section */
		1260EB702159344F004CA9C0 /* AppDelegate.swift in Sources */ = {isa = PBXBuildFile; fileRef = 1260EB6F2159344F004CA9C0 /* AppDelegate.swift */; };
		1260EB752159344F004CA9C0 /* Main.storyboard in Resources */ = {isa = PBXBuildFile; fileRef = 1260EB732159344F004CA9C0 /* Main.storyboard */; };
		1260EB7721593451004CA9C0 /* Assets.xcassets in Resources */ = {isa = PBXBuildFile; fileRef = 1260EB7621593451004CA9C0 /* Assets.xcassets */; };
		1260EB7A21593451004CA9C0 /* LaunchScreen.storyboard in Resources */ = {isa = PBXBuildFile; fileRef = 1260EB7821593451004CA9C0 /* LaunchScreen.storyboard */; };
		1260EB89215936E5004CA9C0 /* AppStateManager.swift in Sources */ = {isa = PBXBuildFile; fileRef = 1260EB88215936E5004CA9C0 /* AppStateManager.swift */; };
		1260EB8B21593705004CA9C0 /* BaseController.swift in Sources */ = {isa = PBXBuildFile; fileRef = 1260EB8A21593705004CA9C0 /* BaseController.swift */; };
		1260EB8F215938B6004CA9C0 /* HomeViewController.swift in Sources */ = {isa = PBXBuildFile; fileRef = 1260EB8D215938B6004CA9C0 /* HomeViewController.swift */; };
		1260EB90215938B6004CA9C0 /* HomeViewController.xib in Resources */ = {isa = PBXBuildFile; fileRef = 1260EB8E215938B6004CA9C0 /* HomeViewController.xib */; };
		1260EB952159447B004CA9C0 /* WeatherHeaderTableViewCell.swift in Sources */ = {isa = PBXBuildFile; fileRef = 1260EB932159447B004CA9C0 /* WeatherHeaderTableViewCell.swift */; };
		1260EB962159447B004CA9C0 /* WeatherHeaderTableViewCell.xib in Resources */ = {isa = PBXBuildFile; fileRef = 1260EB942159447B004CA9C0 /* WeatherHeaderTableViewCell.xib */; };
		1260EB99215944F1004CA9C0 /* WeatherWeekTableViewCell.swift in Sources */ = {isa = PBXBuildFile; fileRef = 1260EB97215944F1004CA9C0 /* WeatherWeekTableViewCell.swift */; };
		1260EB9A215944F1004CA9C0 /* WeatherWeekTableViewCell.xib in Resources */ = {isa = PBXBuildFile; fileRef = 1260EB98215944F1004CA9C0 /* WeatherWeekTableViewCell.xib */; };
		1260EB9D215945C9004CA9C0 /* WeatherFooterTableViewCell.swift in Sources */ = {isa = PBXBuildFile; fileRef = 1260EB9B215945C9004CA9C0 /* WeatherFooterTableViewCell.swift */; };
		1260EB9E215945C9004CA9C0 /* WeatherFooterTableViewCell.xib in Resources */ = {isa = PBXBuildFile; fileRef = 1260EB9C215945C9004CA9C0 /* WeatherFooterTableViewCell.xib */; };
		1260EBA02159498C004CA9C0 /* TableViewExtension.swift in Sources */ = {isa = PBXBuildFile; fileRef = 1260EB9F2159498C004CA9C0 /* TableViewExtension.swift */; };
		1260EBA221595C85004CA9C0 /* UIButtonExtension.swift in Sources */ = {isa = PBXBuildFile; fileRef = 1260EBA121595C85004CA9C0 /* UIButtonExtension.swift */; };
		12E87707215AA8DA000DC33E /* BaseApi.swift in Sources */ = {isa = PBXBuildFile; fileRef = 12E87706215AA8DA000DC33E /* BaseApi.swift */; };
		12E87709215AA92E000DC33E /* Constants.swift in Sources */ = {isa = PBXBuildFile; fileRef = 12E87708215AA92E000DC33E /* Constants.swift */; };
		12E8770B215AAFF5000DC33E /* RouteUrls.swift in Sources */ = {isa = PBXBuildFile; fileRef = 12E8770A215AAFF5000DC33E /* RouteUrls.swift */; };
		A37EDAAE5D2BFDAE2C27F4E9 /* Pods_IOS_Architecture.framework in Frameworks */ = {isa = PBXBuildFile; fileRef = F6982CA7AB079C5CDEE2EC5F /* Pods_IOS_Architecture.framework */; };
/* End PBXBuildFile section */

/* Begin PBXFileReference section */
		0C12CE5F0DF61978ED56B759 /* Pods-IOS_Architecture.release.xcconfig */ = {isa = PBXFileReference; includeInIndex = 1; lastKnownFileType = text.xcconfig; name = "Pods-IOS_Architecture.release.xcconfig"; path = "Pods/Target Support Files/Pods-IOS_Architecture/Pods-IOS_Architecture.release.xcconfig"; sourceTree = "<group>"; };
		1260EB6C2159344F004CA9C0 /* IOS_Architecture.app */ = {isa = PBXFileReference; explicitFileType = wrapper.application; includeInIndex = 0; path = IOS_Architecture.app; sourceTree = BUILT_PRODUCTS_DIR; };
		1260EB6F2159344F004CA9C0 /* AppDelegate.swift */ = {isa = PBXFileReference; lastKnownFileType = sourcecode.swift; path = AppDelegate.swift; sourceTree = "<group>"; };
		1260EB742159344F004CA9C0 /* Base */ = {isa = PBXFileReference; lastKnownFileType = file.storyboard; name = Base; path = Base.lproj/Main.storyboard; sourceTree = "<group>"; };
		1260EB7621593451004CA9C0 /* Assets.xcassets */ = {isa = PBXFileReference; lastKnownFileType = folder.assetcatalog; path = Assets.xcassets; sourceTree = "<group>"; };
		1260EB7921593451004CA9C0 /* Base */ = {isa = PBXFileReference; lastKnownFileType = file.storyboard; name = Base; path = Base.lproj/LaunchScreen.storyboard; sourceTree = "<group>"; };
		1260EB7B21593451004CA9C0 /* Info.plist */ = {isa = PBXFileReference; lastKnownFileType = text.plist.xml; path = Info.plist; sourceTree = "<group>"; };
		1260EB88215936E5004CA9C0 /* AppStateManager.swift */ = {isa = PBXFileReference; lastKnownFileType = sourcecode.swift; path = AppStateManager.swift; sourceTree = "<group>"; };
		1260EB8A21593705004CA9C0 /* BaseController.swift */ = {isa = PBXFileReference; lastKnownFileType = sourcecode.swift; path = BaseController.swift; sourceTree = "<group>"; };
		1260EB8D215938B6004CA9C0 /* HomeViewController.swift */ = {isa = PBXFileReference; lastKnownFileType = sourcecode.swift; path = HomeViewController.swift; sourceTree = "<group>"; };
		1260EB8E215938B6004CA9C0 /* HomeViewController.xib */ = {isa = PBXFileReference; lastKnownFileType = file.xib; path = HomeViewController.xib; sourceTree = "<group>"; };
		1260EB932159447B004CA9C0 /* WeatherHeaderTableViewCell.swift */ = {isa = PBXFileReference; lastKnownFileType = sourcecode.swift; path = WeatherHeaderTableViewCell.swift; sourceTree = "<group>"; };
		1260EB942159447B004CA9C0 /* WeatherHeaderTableViewCell.xib */ = {isa = PBXFileReference; lastKnownFileType = file.xib; path = WeatherHeaderTableViewCell.xib; sourceTree = "<group>"; };
		1260EB97215944F1004CA9C0 /* WeatherWeekTableViewCell.swift */ = {isa = PBXFileReference; lastKnownFileType = sourcecode.swift; path = WeatherWeekTableViewCell.swift; sourceTree = "<group>"; };
		1260EB98215944F1004CA9C0 /* WeatherWeekTableViewCell.xib */ = {isa = PBXFileReference; lastKnownFileType = file.xib; path = WeatherWeekTableViewCell.xib; sourceTree = "<group>"; };
		1260EB9B215945C9004CA9C0 /* WeatherFooterTableViewCell.swift */ = {isa = PBXFileReference; lastKnownFileType = sourcecode.swift; path = WeatherFooterTableViewCell.swift; sourceTree = "<group>"; };
		1260EB9C215945C9004CA9C0 /* WeatherFooterTableViewCell.xib */ = {isa = PBXFileReference; lastKnownFileType = file.xib; path = WeatherFooterTableViewCell.xib; sourceTree = "<group>"; };
		1260EB9F2159498C004CA9C0 /* TableViewExtension.swift */ = {isa = PBXFileReference; lastKnownFileType = sourcecode.swift; path = TableViewExtension.swift; sourceTree = "<group>"; };
		1260EBA121595C85004CA9C0 /* UIButtonExtension.swift */ = {isa = PBXFileReference; lastKnownFileType = sourcecode.swift; path = UIButtonExtension.swift; sourceTree = "<group>"; };
		12E87706215AA8DA000DC33E /* BaseApi.swift */ = {isa = PBXFileReference; lastKnownFileType = sourcecode.swift; path = BaseApi.swift; sourceTree = "<group>"; };
		12E87708215AA92E000DC33E /* Constants.swift */ = {isa = PBXFileReference; lastKnownFileType = sourcecode.swift; path = Constants.swift; sourceTree = "<group>"; };
		12E8770A215AAFF5000DC33E /* RouteUrls.swift */ = {isa = PBXFileReference; lastKnownFileType = sourcecode.swift; path = RouteUrls.swift; sourceTree = "<group>"; };
		32711761C986510F38612ECA /* Pods-IOS_Architecture.debug.xcconfig */ = {isa = PBXFileReference; includeInIndex = 1; lastKnownFileType = text.xcconfig; name = "Pods-IOS_Architecture.debug.xcconfig"; path = "Pods/Target Support Files/Pods-IOS_Architecture/Pods-IOS_Architecture.debug.xcconfig"; sourceTree = "<group>"; };
		F6982CA7AB079C5CDEE2EC5F /* Pods_IOS_Architecture.framework */ = {isa = PBXFileReference; explicitFileType = wrapper.framework; includeInIndex = 0; path = Pods_IOS_Architecture.framework; sourceTree = BUILT_PRODUCTS_DIR; };
/* End PBXFileReference section */

/* Begin PBXFrameworksBuildPhase section */
		1260EB692159344F004CA9C0 /* Frameworks */ = {
			isa = PBXFrameworksBuildPhase;
			buildActionMask = 2147483647;
			files = (
				A37EDAAE5D2BFDAE2C27F4E9 /* Pods_IOS_Architecture.framework in Frameworks */,
			);
			runOnlyForDeploymentPostprocessing = 0;
		};
/* End PBXFrameworksBuildPhase section */

/* Begin PBXGroup section */
		086B35AEA5BDFF3D3BC38888 /* Pods */ = {
			isa = PBXGroup;
			children = (
				32711761C986510F38612ECA /* Pods-IOS_Architecture.debug.xcconfig */,
				0C12CE5F0DF61978ED56B759 /* Pods-IOS_Architecture.release.xcconfig */,
			);
			name = Pods;
			sourceTree = "<group>";
		};
		1260EB632159344E004CA9C0 = {
			isa = PBXGroup;
			children = (
				1260EB6E2159344F004CA9C0 /* IOS_Architecture */,
				1260EB6D2159344F004CA9C0 /* Products */,
				086B35AEA5BDFF3D3BC38888 /* Pods */,
				2360526E85B3DCFE204B292A /* Frameworks */,
			);
			sourceTree = "<group>";
		};
		1260EB6D2159344F004CA9C0 /* Products */ = {
			isa = PBXGroup;
			children = (
				1260EB6C2159344F004CA9C0 /* IOS_Architecture.app */,
			);
			name = Products;
			sourceTree = "<group>";
		};
		1260EB6E2159344F004CA9C0 /* IOS_Architecture */ = {
			isa = PBXGroup;
			children = (
				12E87708215AA92E000DC33E /* Constants.swift */,
				1260EB6F2159344F004CA9C0 /* AppDelegate.swift */,
				1260EB732159344F004CA9C0 /* Main.storyboard */,
				1260EB7821593451004CA9C0 /* LaunchScreen.storyboard */,
				1260EB7B21593451004CA9C0 /* Info.plist */,
				1260EB7621593451004CA9C0 /* Assets.xcassets */,
				1260EB8121593584004CA9C0 /* Shared */,
				1260EB822159363B004CA9C0 /* BaseController */,
				1260EB8321593670004CA9C0 /* Extensions */,
				12DD8F23215C15B2008FF4F8 /* CustomClasses */,
				1260EB8521593690004CA9C0 /* CustomViews */,
				12DD8F24215C15C7008FF4F8 /* Models */,
				12E87705215AA8B0000DC33E /* WebManager */,
				1260EB87215936AE004CA9C0 /* ViewControllers */,
			);
			path = IOS_Architecture;
			sourceTree = "<group>";
		};
		1260EB8121593584004CA9C0 /* Shared */ = {
			isa = PBXGroup;
			children = (
				1260EB88215936E5004CA9C0 /* AppStateManager.swift */,
			);
			path = Shared;
			sourceTree = "<group>";
		};
		1260EB822159363B004CA9C0 /* BaseController */ = {
			isa = PBXGroup;
			children = (
				1260EB8A21593705004CA9C0 /* BaseController.swift */,
			);
			path = BaseController;
			sourceTree = "<group>";
		};
		1260EB8321593670004CA9C0 /* Extensions */ = {
			isa = PBXGroup;
			children = (
				1260EB9F2159498C004CA9C0 /* TableViewExtension.swift */,
				1260EBA121595C85004CA9C0 /* UIButtonExtension.swift */,
			);
			path = Extensions;
			sourceTree = "<group>";
		};
		1260EB8521593690004CA9C0 /* CustomViews */ = {
			isa = PBXGroup;
			children = (
				1260EB91215940DF004CA9C0 /* TableViewCells */,
			);
			path = CustomViews;
			sourceTree = "<group>";
		};
		1260EB87215936AE004CA9C0 /* ViewControllers */ = {
			isa = PBXGroup;
			children = (
				1260EB8C2159389E004CA9C0 /* HomeViewController */,
			);
			path = ViewControllers;
			sourceTree = "<group>";
		};
		1260EB8C2159389E004CA9C0 /* HomeViewController */ = {
			isa = PBXGroup;
			children = (
				1260EB8D215938B6004CA9C0 /* HomeViewController.swift */,
				1260EB8E215938B6004CA9C0 /* HomeViewController.xib */,
			);
			path = HomeViewController;
			sourceTree = "<group>";
		};
		1260EB91215940DF004CA9C0 /* TableViewCells */ = {
			isa = PBXGroup;
			children = (
				1260EB9221594100004CA9C0 /* WeatherCells */,
			);
			path = TableViewCells;
			sourceTree = "<group>";
		};
		1260EB9221594100004CA9C0 /* WeatherCells */ = {
			isa = PBXGroup;
			children = (
				1260EB932159447B004CA9C0 /* WeatherHeaderTableViewCell.swift */,
				1260EB942159447B004CA9C0 /* WeatherHeaderTableViewCell.xib */,
				1260EB97215944F1004CA9C0 /* WeatherWeekTableViewCell.swift */,
				1260EB98215944F1004CA9C0 /* WeatherWeekTableViewCell.xib */,
				1260EB9B215945C9004CA9C0 /* WeatherFooterTableViewCell.swift */,
				1260EB9C215945C9004CA9C0 /* WeatherFooterTableViewCell.xib */,
			);
			path = WeatherCells;
			sourceTree = "<group>";
		};
		12DD8F23215C15B2008FF4F8 /* CustomClasses */ = {
			isa = PBXGroup;
			children = (
			);
			path = CustomClasses;
			sourceTree = "<group>";
		};
		12DD8F24215C15C7008FF4F8 /* Models */ = {
			isa = PBXGroup;
			children = (
			);
			path = Models;
			sourceTree = "<group>";
		};
		12E87705215AA8B0000DC33E /* WebManager */ = {
			isa = PBXGroup;
			children = (
				12E87706215AA8DA000DC33E /* BaseApi.swift */,
				12E8770A215AAFF5000DC33E /* RouteUrls.swift */,
			);
			path = WebManager;
			sourceTree = "<group>";
		};
		2360526E85B3DCFE204B292A /* Frameworks */ = {
			isa = PBXGroup;
			children = (
				F6982CA7AB079C5CDEE2EC5F /* Pods_IOS_Architecture.framework */,
			);
			name = Frameworks;
			sourceTree = "<group>";
		};
/* End PBXGroup section */

/* Begin PBXNativeTarget section */
		1260EB6B2159344F004CA9C0 /* IOS_Architecture */ = {
			isa = PBXNativeTarget;
			buildConfigurationList = 1260EB7E21593451004CA9C0 /* Build configuration list for PBXNativeTarget "IOS_Architecture" */;
			buildPhases = (
				05F97E0460CD1E35A8AF2165 /* [CP] Check Pods Manifest.lock */,
				1260EB682159344F004CA9C0 /* Sources */,
				1260EB692159344F004CA9C0 /* Frameworks */,
				1260EB6A2159344F004CA9C0 /* Resources */,
				62EE75D92EBF69DC595CF280 /* [CP] Embed Pods Frameworks */,
			);
			buildRules = (
			);
			dependencies = (
			);
			name = IOS_Architecture;
			productName = IOS_Architecture;
			productReference = 1260EB6C2159344F004CA9C0 /* IOS_Architecture.app */;
			productType = "com.apple.product-type.application";
		};
/* End PBXNativeTarget section */

/* Begin PBXProject section */
		1260EB642159344E004CA9C0 /* Project object */ = {
			isa = PBXProject;
			attributes = {
				LastSwiftUpdateCheck = 0930;
				LastUpgradeCheck = 0930;
				ORGANIZATIONNAME = "Hassan dad khan";
				TargetAttributes = {
					1260EB6B2159344F004CA9C0 = {
						CreatedOnToolsVersion = 9.3;
						ProvisioningStyle = Automatic;
					};
				};
			};
			buildConfigurationList = 1260EB672159344E004CA9C0 /* Build configuration list for PBXProject "IOS_Architecture" */;
			compatibilityVersion = "Xcode 8.0";
			developmentRegion = en;
			hasScannedForEncodings = 0;
			knownRegions = (
				en,
				Base,
			);
			mainGroup = 1260EB632159344E004CA9C0;
			productRefGroup = 1260EB6D2159344F004CA9C0 /* Products */;
			projectDirPath = "";
			projectRoot = "";
			targets = (
				1260EB6B2159344F004CA9C0 /* IOS_Architecture */,
			);
		};
/* End PBXProject section */

/* Begin PBXResourcesBuildPhase section */
		1260EB6A2159344F004CA9C0 /* Resources */ = {
			isa = PBXResourcesBuildPhase;
			buildActionMask = 2147483647;
			files = (
				1260EB962159447B004CA9C0 /* WeatherHeaderTableViewCell.xib in Resources */,
				1260EB7A21593451004CA9C0 /* LaunchScreen.storyboard in Resources */,
				1260EB9A215944F1004CA9C0 /* WeatherWeekTableViewCell.xib in Resources */,
				1260EB7721593451004CA9C0 /* Assets.xcassets in Resources */,
				1260EB9E215945C9004CA9C0 /* WeatherFooterTableViewCell.xib in Resources */,
				1260EB752159344F004CA9C0 /* Main.storyboard in Resources */,
				1260EB90215938B6004CA9C0 /* HomeViewController.xib in Resources */,
			);
			runOnlyForDeploymentPostprocessing = 0;
		};
/* End PBXResourcesBuildPhase section */

/* Begin PBXShellScriptBuildPhase section */
		05F97E0460CD1E35A8AF2165 /* [CP] Check Pods Manifest.lock */ = {
			isa = PBXShellScriptBuildPhase;
			buildActionMask = 2147483647;
			files = (
			);
			inputPaths = (
				"${PODS_PODFILE_DIR_PATH}/Podfile.lock",
				"${PODS_ROOT}/Manifest.lock",
			);
			name = "[CP] Check Pods Manifest.lock";
			outputPaths = (
				"$(DERIVED_FILE_DIR)/Pods-IOS_Architecture-checkManifestLockResult.txt",
			);
			runOnlyForDeploymentPostprocessing = 0;
			shellPath = /bin/sh;
			shellScript = "diff \"${PODS_PODFILE_DIR_PATH}/Podfile.lock\" \"${PODS_ROOT}/Manifest.lock\" > /dev/null\nif [ $? != 0 ] ; then\n    # print error to STDERR\n    echo \"error: The sandbox is not in sync with the Podfile.lock. Run 'pod install' or update your CocoaPods installation.\" >&2\n    exit 1\nfi\n# This output is used by Xcode 'outputs' to avoid re-running this script phase.\necho \"SUCCESS\" > \"${SCRIPT_OUTPUT_FILE_0}\"\n";
			showEnvVarsInLog = 0;
		};
		62EE75D92EBF69DC595CF280 /* [CP] Embed Pods Frameworks */ = {
			isa = PBXShellScriptBuildPhase;
			buildActionMask = 2147483647;
			files = (
			);
			inputPaths = (
				"${SRCROOT}/Pods/Target Support Files/Pods-IOS_Architecture/Pods-IOS_Architecture-frameworks.sh",
				"${BUILT_PRODUCTS_DIR}/Alamofire/Alamofire.framework",
				"${BUILT_PRODUCTS_DIR}/SwiftyJSON/SwiftyJSON.framework",
			);
			name = "[CP] Embed Pods Frameworks";
			outputPaths = (
				"${TARGET_BUILD_DIR}/${FRAMEWORKS_FOLDER_PATH}/Alamofire.framework",
				"${TARGET_BUILD_DIR}/${FRAMEWORKS_FOLDER_PATH}/SwiftyJSON.framework",
			);
			runOnlyForDeploymentPostprocessing = 0;
			shellPath = /bin/sh;
			shellScript = "\"${SRCROOT}/Pods/Target Support Files/Pods-IOS_Architecture/Pods-IOS_Architecture-frameworks.sh\"\n";
			showEnvVarsInLog = 0;
		};
/* End PBXShellScriptBuildPhase section */

/* Begin PBXSourcesBuildPhase section */
		1260EB682159344F004CA9C0 /* Sources */ = {
			isa = PBXSourcesBuildPhase;
			buildActionMask = 2147483647;
			files = (
				1260EB702159344F004CA9C0 /* AppDelegate.swift in Sources */,
				12E87709215AA92E000DC33E /* Constants.swift in Sources */,
				1260EB8B21593705004CA9C0 /* BaseController.swift in Sources */,
				1260EB9D215945C9004CA9C0 /* WeatherFooterTableViewCell.swift in Sources */,
				12E87707215AA8DA000DC33E /* BaseApi.swift in Sources */,
				1260EBA02159498C004CA9C0 /* TableViewExtension.swift in Sources */,
				1260EB99215944F1004CA9C0 /* WeatherWeekTableViewCell.swift in Sources */,
				1260EBA221595C85004CA9C0 /* UIButtonExtension.swift in Sources */,
				1260EB89215936E5004CA9C0 /* AppStateManager.swift in Sources */,
				1260EB8F215938B6004CA9C0 /* HomeViewController.swift in Sources */,
				1260EB952159447B004CA9C0 /* WeatherHeaderTableViewCell.swift in Sources */,
				12E8770B215AAFF5000DC33E /* RouteUrls.swift in Sources */,
			);
			runOnlyForDeploymentPostprocessing = 0;
		};
/* End PBXSourcesBuildPhase section */

/* Begin PBXVariantGroup section */
		1260EB732159344F004CA9C0 /* Main.storyboard */ = {
			isa = PBXVariantGroup;
			children = (
				1260EB742159344F004CA9C0 /* Base */,
			);
			name = Main.storyboard;
			sourceTree = "<group>";
		};
		1260EB7821593451004CA9C0 /* LaunchScreen.storyboard */ = {
			isa = PBXVariantGroup;
			children = (
				1260EB7921593451004CA9C0 /* Base */,
			);
			name = LaunchScreen.storyboard;
			sourceTree = "<group>";
		};
/* End PBXVariantGroup section */

/* Begin XCBuildConfiguration section */
		1260EB7C21593451004CA9C0 /* Debug */ = {
			isa = XCBuildConfiguration;
			buildSettings = {
				ALWAYS_SEARCH_USER_PATHS = NO;
				CLANG_ANALYZER_NONNULL = YES;
				CLANG_ANALYZER_NUMBER_OBJECT_CONVERSION = YES_AGGRESSIVE;
				CLANG_CXX_LANGUAGE_STANDARD = "gnu++14";
				CLANG_CXX_LIBRARY = "libc++";
				CLANG_ENABLE_MODULES = YES;
				CLANG_ENABLE_OBJC_ARC = YES;
				CLANG_ENABLE_OBJC_WEAK = YES;
				CLANG_WARN_BLOCK_CAPTURE_AUTORELEASING = YES;
				CLANG_WARN_BOOL_CONVERSION = YES;
				CLANG_WARN_COMMA = YES;
				CLANG_WARN_CONSTANT_CONVERSION = YES;
				CLANG_WARN_DEPRECATED_OBJC_IMPLEMENTATIONS = YES;
				CLANG_WARN_DIRECT_OBJC_ISA_USAGE = YES_ERROR;
				CLANG_WARN_DOCUMENTATION_COMMENTS = YES;
				CLANG_WARN_EMPTY_BODY = YES;
				CLANG_WARN_ENUM_CONVERSION = YES;
				CLANG_WARN_INFINITE_RECURSION = YES;
				CLANG_WARN_INT_CONVERSION = YES;
				CLANG_WARN_NON_LITERAL_NULL_CONVERSION = YES;
				CLANG_WARN_OBJC_IMPLICIT_RETAIN_SELF = YES;
				CLANG_WARN_OBJC_LITERAL_CONVERSION = YES;
				CLANG_WARN_OBJC_ROOT_CLASS = YES_ERROR;
				CLANG_WARN_RANGE_LOOP_ANALYSIS = YES;
				CLANG_WARN_STRICT_PROTOTYPES = YES;
				CLANG_WARN_SUSPICIOUS_MOVE = YES;
				CLANG_WARN_UNGUARDED_AVAILABILITY = YES_AGGRESSIVE;
				CLANG_WARN_UNREACHABLE_CODE = YES;
				CLANG_WARN__DUPLICATE_METHOD_MATCH = YES;
				CODE_SIGN_IDENTITY = "iPhone Developer";
				COPY_PHASE_STRIP = NO;
				DEBUG_INFORMATION_FORMAT = dwarf;
				ENABLE_STRICT_OBJC_MSGSEND = YES;
				ENABLE_TESTABILITY = YES;
				GCC_C_LANGUAGE_STANDARD = gnu11;
				GCC_DYNAMIC_NO_PIC = NO;
				GCC_NO_COMMON_BLOCKS = YES;
				GCC_OPTIMIZATION_LEVEL = 0;
				GCC_PREPROCESSOR_DEFINITIONS = (
					"DEBUG=1",
					"$(inherited)",
				);
				GCC_WARN_64_TO_32_BIT_CONVERSION = YES;
				GCC_WARN_ABOUT_RETURN_TYPE = YES_ERROR;
				GCC_WARN_UNDECLARED_SELECTOR = YES;
				GCC_WARN_UNINITIALIZED_AUTOS = YES_AGGRESSIVE;
				GCC_WARN_UNUSED_FUNCTION = YES;
				GCC_WARN_UNUSED_VARIABLE = YES;
				IPHONEOS_DEPLOYMENT_TARGET = 11.3;
				MTL_ENABLE_DEBUG_INFO = YES;
				ONLY_ACTIVE_ARCH = YES;
				SDKROOT = iphoneos;
				SWIFT_ACTIVE_COMPILATION_CONDITIONS = DEBUG;
				SWIFT_OPTIMIZATION_LEVEL = "-Onone";
			};
			name = Debug;
		};
		1260EB7D21593451004CA9C0 /* Release */ = {
			isa = XCBuildConfiguration;
			buildSettings = {
				ALWAYS_SEARCH_USER_PATHS = NO;
				CLANG_ANALYZER_NONNULL = YES;
				CLANG_ANALYZER_NUMBER_OBJECT_CONVERSION = YES_AGGRESSIVE;
				CLANG_CXX_LANGUAGE_STANDARD = "gnu++14";
				CLANG_CXX_LIBRARY = "libc++";
				CLANG_ENABLE_MODULES = YES;
				CLANG_ENABLE_OBJC_ARC = YES;
				CLANG_ENABLE_OBJC_WEAK = YES;
				CLANG_WARN_BLOCK_CAPTURE_AUTORELEASING = YES;
				CLANG_WARN_BOOL_CONVERSION = YES;
				CLANG_WARN_COMMA = YES;
				CLANG_WARN_CONSTANT_CONVERSION = YES;
				CLANG_WARN_DEPRECATED_OBJC_IMPLEMENTATIONS = YES;
				CLANG_WARN_DIRECT_OBJC_ISA_USAGE = YES_ERROR;
				CLANG_WARN_DOCUMENTATION_COMMENTS = YES;
				CLANG_WARN_EMPTY_BODY = YES;
				CLANG_WARN_ENUM_CONVERSION = YES;
				CLANG_WARN_INFINITE_RECURSION = YES;
				CLANG_WARN_INT_CONVERSION = YES;
				CLANG_WARN_NON_LITERAL_NULL_CONVERSION = YES;
				CLANG_WARN_OBJC_IMPLICIT_RETAIN_SELF = YES;
				CLANG_WARN_OBJC_LITERAL_CONVERSION = YES;
				CLANG_WARN_OBJC_ROOT_CLASS = YES_ERROR;
				CLANG_WARN_RANGE_LOOP_ANALYSIS = YES;
				CLANG_WARN_STRICT_PROTOTYPES = YES;
				CLANG_WARN_SUSPICIOUS_MOVE = YES;
				CLANG_WARN_UNGUARDED_AVAILABILITY = YES_AGGRESSIVE;
				CLANG_WARN_UNREACHABLE_CODE = YES;
				CLANG_WARN__DUPLICATE_METHOD_MATCH = YES;
				CODE_SIGN_IDENTITY = "iPhone Developer";
				COPY_PHASE_STRIP = NO;
				DEBUG_INFORMATION_FORMAT = "dwarf-with-dsym";
				ENABLE_NS_ASSERTIONS = NO;
				ENABLE_STRICT_OBJC_MSGSEND = YES;
				GCC_C_LANGUAGE_STANDARD = gnu11;
				GCC_NO_COMMON_BLOCKS = YES;
				GCC_WARN_64_TO_32_BIT_CONVERSION = YES;
				GCC_WARN_ABOUT_RETURN_TYPE = YES_ERROR;
				GCC_WARN_UNDECLARED_SELECTOR = YES;
				GCC_WARN_UNINITIALIZED_AUTOS = YES_AGGRESSIVE;
				GCC_WARN_UNUSED_FUNCTION = YES;
				GCC_WARN_UNUSED_VARIABLE = YES;
				IPHONEOS_DEPLOYMENT_TARGET = 11.3;
				MTL_ENABLE_DEBUG_INFO = NO;
				SDKROOT = iphoneos;
				SWIFT_OPTIMIZATION_LEVEL = "-Owholemodule";
				VALIDATE_PRODUCT = YES;
			};
			name = Release;
		};
		1260EB7F21593451004CA9C0 /* Debug */ = {
			isa = XCBuildConfiguration;
			baseConfigurationReference = 32711761C986510F38612ECA /* Pods-IOS_Architecture.debug.xcconfig */;
			buildSettings = {
				ASSETCATALOG_COMPILER_APPICON_NAME = AppIcon;
				CODE_SIGN_STYLE = Automatic;
				INFOPLIST_FILE = IOS_Architecture/Info.plist;
				IPHONEOS_DEPLOYMENT_TARGET = 10.3;
				LD_RUNPATH_SEARCH_PATHS = "$(inherited) @executable_path/Frameworks";
				PRODUCT_BUNDLE_IDENTIFIER = "hassan-dad-khan.IOS-Architecture";
				PRODUCT_NAME = "$(TARGET_NAME)";
				SWIFT_VERSION = 4.0;
				TARGETED_DEVICE_FAMILY = "1,2";
			};
			name = Debug;
		};
		1260EB8021593451004CA9C0 /* Release */ = {
			isa = XCBuildConfiguration;
			baseConfigurationReference = 0C12CE5F0DF61978ED56B759 /* Pods-IOS_Architecture.release.xcconfig */;
			buildSettings = {
				ASSETCATALOG_COMPILER_APPICON_NAME = AppIcon;
				CODE_SIGN_STYLE = Automatic;
				INFOPLIST_FILE = IOS_Architecture/Info.plist;
				IPHONEOS_DEPLOYMENT_TARGET = 10.3;
				LD_RUNPATH_SEARCH_PATHS = "$(inherited) @executable_path/Frameworks";
				PRODUCT_BUNDLE_IDENTIFIER = "hassan-dad-khan.IOS-Architecture";
				PRODUCT_NAME = "$(TARGET_NAME)";
				SWIFT_VERSION = 4.0;
				TARGETED_DEVICE_FAMILY = "1,2";
			};
			name = Release;
		};
/* End XCBuildConfiguration section */

/* Begin XCConfigurationList section */
		1260EB672159344E004CA9C0 /* Build configuration list for PBXProject "IOS_Architecture" */ = {
			isa = XCConfigurationList;
			buildConfigurations = (
				1260EB7C21593451004CA9C0 /* Debug */,
				1260EB7D21593451004CA9C0 /* Release */,
			);
			defaultConfigurationIsVisible = 0;
			defaultConfigurationName = Release;
		};
		1260EB7E21593451004CA9C0 /* Build configuration list for PBXNativeTarget "IOS_Architecture" */ = {
			isa = XCConfigurationList;
			buildConfigurations = (
				1260EB7F21593451004CA9C0 /* Debug */,
				1260EB8021593451004CA9C0 /* Release */,
			);
			defaultConfigurationIsVisible = 0;
			defaultConfigurationName = Release;
		};
/* End XCConfigurationList section */
	};
	rootObject = 1260EB642159344E004CA9C0 /* Project object */;
}
